
Microsoft Visual Studio Solution File, Format Version 12.00
# Visual Studio Version 17
VisualStudioVersion = 17.5.33530.505
MinimumVisualStudioVersion = 10.0.40219.1
Project("{FAE04EC0-301F-11D3-BF4B-00C04F79EFBC}") = "Ucan_Listesi_WinForm", "Ucan_Listesi_WinForm\Ucan_Listesi_WinForm.csproj", "{7147E5D9-CB1E-4AC8-920F-94F4BC97874F}"
EndProject
Global
	GlobalSection(SolutionConfigurationPlatforms) = preSolution
		Debug|Any CPU = Debug|Any CPU
		Release|Any CPU = Release|Any CPU
	EndGlobalSection
	GlobalSection(ProjectConfigurationPlatforms) = postSolution
		{7147E5D9-CB1E-4AC8-920F-94F4BC97874F}.Debug|Any CPU.ActiveCfg = Debug|Any CPU
		{7147E5D9-CB1E-4AC8-920F-94F4BC97874F}.Debug|Any CPU.Build.0 = Debug|Any CPU
		{7147E5D9-CB1E-4AC8-920F-94F4BC97874F}.Release|Any CPU.ActiveCfg = Release|Any CPU
		{7147E5D9-CB1E-4AC8-920F-94F4BC97874F}.Release|Any CPU.Build.0 = Release|Any CPU
	EndGlobalSection
	GlobalSection(SolutionProperties) = preSolution
		HideSolutionNode = FALSE
	EndGlobalSection
	GlobalSection(ExtensibilityGlobals) = postSolution
		SolutionGuid = {8DBF7614-EF52-4647-AD41-57C7DC822EF5}
	EndGlobalSection
EndGlobal
